
Microsoft Visual Studio Solution File, Format Version 12.00
# Visual Studio Version 17
VisualStudioVersion = 17.0.32112.339
MinimumVisualStudioVersion = 10.0.40219.1
Project("{2150E333-8FDC-42A3-9474-1A3956D46DE8}") = "src", "src", "{EFF2007A-BF84-47AC-9725-FBDF34306F71}"
EndProject
Project("{2150E333-8FDC-42A3-9474-1A3956D46DE8}") = "test", "test", "{E6BFB42F-239D-4680-9397-86131AB7440C}"
EndProject
Project("{9A19103F-16F7-4668-BE54-9A1E7A4F7556}") = "OfficeService", "src\OfficeService\OfficeService.csproj", "{80C82087-74F4-4318-BC1C-77C08B6A363A}"
EndProject
Project("{9A19103F-16F7-4668-BE54-9A1E7A4F7556}") = "OfficeService.Broker", "src\OfficeService.Broker\OfficeService.Broker.csproj", "{F587A378-D119-448A-9780-4F081B5E0971}"
EndProject
Project("{9A19103F-16F7-4668-BE54-9A1E7A4F7556}") = "OfficeService.Business", "src\OfficeService.Business\OfficeService.Business.csproj", "{5E77C797-9947-4A39-ABFF-E6E7846D59ED}"
EndProject
Project("{9A19103F-16F7-4668-BE54-9A1E7A4F7556}") = "OfficeService.Data", "src\OfficeService.Data\OfficeService.Data.csproj", "{4FB25C62-5EE8-4224-952B-C8B9EC851C30}"
EndProject
Project("{9A19103F-16F7-4668-BE54-9A1E7A4F7556}") = "OfficeService.Data.Provider", "src\OfficeService.Data.Provider\OfficeService.Data.Provider.csproj", "{B2CBC5DA-453A-47E6-B095-3F483CD09B66}"
EndProject
Project("{9A19103F-16F7-4668-BE54-9A1E7A4F7556}") = "OfficeService.Data.Provider.MsSql.Ef", "src\OfficeService.Data.Provider.MsSql.Ef\OfficeService.Data.Provider.MsSql.Ef.csproj", "{36826513-946B-4A1C-893A-1776A8F084FB}"
EndProject
Project("{9A19103F-16F7-4668-BE54-9A1E7A4F7556}") = "OfficeService.Models.Db", "src\OfficeService.Models.Db\OfficeService.Models.Db.csproj", "{CEC74DEB-801B-43D5-9C9B-DF285E1DC349}"
EndProject
Project("{9A19103F-16F7-4668-BE54-9A1E7A4F7556}") = "OfficeService.Models.Dto", "src\OfficeService.Models.Dto\OfficeService.Models.Dto.csproj", "{EE6F4634-F878-43F9-BB46-AB8E667E2F4C}"
EndProject
Project("{2150E333-8FDC-42A3-9474-1A3956D46DE8}") = "Solution Items", "Solution Items", "{2430DD6D-3438-4BAE-B664-23BC1335E577}"
	ProjectSection(SolutionItems) = preProject
		.dockerignore = .dockerignore
		.editorconfig = .editorconfig
		.gitignore = .gitignore
		Common.Configurations.targets = Common.Configurations.targets
		Dockerfile = Dockerfile
		.github\workflows\main.yml = .github\workflows\main.yml
		README.md = README.md
	EndProjectSection
EndProject
Global
	GlobalSection(SolutionConfigurationPlatforms) = preSolution
		Debug|Any CPU = Debug|Any CPU
		Release|Any CPU = Release|Any CPU
	EndGlobalSection
	GlobalSection(ProjectConfigurationPlatforms) = postSolution
		{80C82087-74F4-4318-BC1C-77C08B6A363A}.Debug|Any CPU.ActiveCfg = Debug|Any CPU
		{80C82087-74F4-4318-BC1C-77C08B6A363A}.Debug|Any CPU.Build.0 = Debug|Any CPU
		{80C82087-74F4-4318-BC1C-77C08B6A363A}.Release|Any CPU.ActiveCfg = Release|Any CPU
		{80C82087-74F4-4318-BC1C-77C08B6A363A}.Release|Any CPU.Build.0 = Release|Any CPU
		{F587A378-D119-448A-9780-4F081B5E0971}.Debug|Any CPU.ActiveCfg = Debug|Any CPU
		{F587A378-D119-448A-9780-4F081B5E0971}.Debug|Any CPU.Build.0 = Debug|Any CPU
		{F587A378-D119-448A-9780-4F081B5E0971}.Release|Any CPU.ActiveCfg = Release|Any CPU
		{F587A378-D119-448A-9780-4F081B5E0971}.Release|Any CPU.Build.0 = Release|Any CPU
		{5E77C797-9947-4A39-ABFF-E6E7846D59ED}.Debug|Any CPU.ActiveCfg = Debug|Any CPU
		{5E77C797-9947-4A39-ABFF-E6E7846D59ED}.Debug|Any CPU.Build.0 = Debug|Any CPU
		{5E77C797-9947-4A39-ABFF-E6E7846D59ED}.Release|Any CPU.ActiveCfg = Release|Any CPU
		{5E77C797-9947-4A39-ABFF-E6E7846D59ED}.Release|Any CPU.Build.0 = Release|Any CPU
		{4FB25C62-5EE8-4224-952B-C8B9EC851C30}.Debug|Any CPU.ActiveCfg = Debug|Any CPU
		{4FB25C62-5EE8-4224-952B-C8B9EC851C30}.Debug|Any CPU.Build.0 = Debug|Any CPU
		{4FB25C62-5EE8-4224-952B-C8B9EC851C30}.Release|Any CPU.ActiveCfg = Release|Any CPU
		{4FB25C62-5EE8-4224-952B-C8B9EC851C30}.Release|Any CPU.Build.0 = Release|Any CPU
		{B2CBC5DA-453A-47E6-B095-3F483CD09B66}.Debug|Any CPU.ActiveCfg = Debug|Any CPU
		{B2CBC5DA-453A-47E6-B095-3F483CD09B66}.Debug|Any CPU.Build.0 = Debug|Any CPU
		{B2CBC5DA-453A-47E6-B095-3F483CD09B66}.Release|Any CPU.ActiveCfg = Release|Any CPU
		{B2CBC5DA-453A-47E6-B095-3F483CD09B66}.Release|Any CPU.Build.0 = Release|Any CPU
		{36826513-946B-4A1C-893A-1776A8F084FB}.Debug|Any CPU.ActiveCfg = Debug|Any CPU
		{36826513-946B-4A1C-893A-1776A8F084FB}.Debug|Any CPU.Build.0 = Debug|Any CPU
		{36826513-946B-4A1C-893A-1776A8F084FB}.Release|Any CPU.ActiveCfg = Release|Any CPU
		{36826513-946B-4A1C-893A-1776A8F084FB}.Release|Any CPU.Build.0 = Release|Any CPU
		{CEC74DEB-801B-43D5-9C9B-DF285E1DC349}.Debug|Any CPU.ActiveCfg = Debug|Any CPU
		{CEC74DEB-801B-43D5-9C9B-DF285E1DC349}.Debug|Any CPU.Build.0 = Debug|Any CPU
		{CEC74DEB-801B-43D5-9C9B-DF285E1DC349}.Release|Any CPU.ActiveCfg = Release|Any CPU
		{CEC74DEB-801B-43D5-9C9B-DF285E1DC349}.Release|Any CPU.Build.0 = Release|Any CPU
		{EE6F4634-F878-43F9-BB46-AB8E667E2F4C}.Debug|Any CPU.ActiveCfg = Debug|Any CPU
		{EE6F4634-F878-43F9-BB46-AB8E667E2F4C}.Debug|Any CPU.Build.0 = Debug|Any CPU
		{EE6F4634-F878-43F9-BB46-AB8E667E2F4C}.Release|Any CPU.ActiveCfg = Release|Any CPU
		{EE6F4634-F878-43F9-BB46-AB8E667E2F4C}.Release|Any CPU.Build.0 = Release|Any CPU
	EndGlobalSection
	GlobalSection(SolutionProperties) = preSolution
		HideSolutionNode = FALSE
	EndGlobalSection
	GlobalSection(NestedProjects) = preSolution
		{80C82087-74F4-4318-BC1C-77C08B6A363A} = {EFF2007A-BF84-47AC-9725-FBDF34306F71}
		{F587A378-D119-448A-9780-4F081B5E0971} = {EFF2007A-BF84-47AC-9725-FBDF34306F71}
		{5E77C797-9947-4A39-ABFF-E6E7846D59ED} = {EFF2007A-BF84-47AC-9725-FBDF34306F71}
		{4FB25C62-5EE8-4224-952B-C8B9EC851C30} = {EFF2007A-BF84-47AC-9725-FBDF34306F71}
		{B2CBC5DA-453A-47E6-B095-3F483CD09B66} = {EFF2007A-BF84-47AC-9725-FBDF34306F71}
		{36826513-946B-4A1C-893A-1776A8F084FB} = {EFF2007A-BF84-47AC-9725-FBDF34306F71}
		{CEC74DEB-801B-43D5-9C9B-DF285E1DC349} = {EFF2007A-BF84-47AC-9725-FBDF34306F71}
		{EE6F4634-F878-43F9-BB46-AB8E667E2F4C} = {EFF2007A-BF84-47AC-9725-FBDF34306F71}
	EndGlobalSection
	GlobalSection(ExtensibilityGlobals) = postSolution
		SolutionGuid = {3AC50423-32CC-41FC-AE9D-CA0B4410135E}
	EndGlobalSection
EndGlobal
